
Microsoft Visual Studio Solution File, Format Version 12.00
# Visual Studio Version 16
VisualStudioVersion = 16.0.31313.79
MinimumVisualStudioVersion = 10.0.40219.1
Project("{FAE04EC0-301F-11D3-BF4B-00C04F79EFBC}") = "SadOrHappy", "SadOrHappy\SadOrHappy.csproj", "{9A86109D-073B-428D-A5B1-D9B9C84BDE8E}"
EndProject
Project("{FAE04EC0-301F-11D3-BF4B-00C04F79EFBC}") = "MoodAnalyser.Test", "MoodAnalyser.Test\MoodAnalyser.Test.csproj", "{18BA8FF0-E949-4097-ADA3-F3367F2CFC82}"
EndProject
Global
	GlobalSection(SolutionConfigurationPlatforms) = preSolution
		Debug|Any CPU = Debug|Any CPU
		Release|Any CPU = Release|Any CPU
	EndGlobalSection
	GlobalSection(ProjectConfigurationPlatforms) = postSolution
		{9A86109D-073B-428D-A5B1-D9B9C84BDE8E}.Debug|Any CPU.ActiveCfg = Debug|Any CPU
		{9A86109D-073B-428D-A5B1-D9B9C84BDE8E}.Debug|Any CPU.Build.0 = Debug|Any CPU
		{9A86109D-073B-428D-A5B1-D9B9C84BDE8E}.Release|Any CPU.ActiveCfg = Release|Any CPU
		{9A86109D-073B-428D-A5B1-D9B9C84BDE8E}.Release|Any CPU.Build.0 = Release|Any CPU
		{18BA8FF0-E949-4097-ADA3-F3367F2CFC82}.Debug|Any CPU.ActiveCfg = Debug|Any CPU
		{18BA8FF0-E949-4097-ADA3-F3367F2CFC82}.Debug|Any CPU.Build.0 = Debug|Any CPU
		{18BA8FF0-E949-4097-ADA3-F3367F2CFC82}.Release|Any CPU.ActiveCfg = Release|Any CPU
		{18BA8FF0-E949-4097-ADA3-F3367F2CFC82}.Release|Any CPU.Build.0 = Release|Any CPU
	EndGlobalSection
	GlobalSection(SolutionProperties) = preSolution
		HideSolutionNode = FALSE
	EndGlobalSection
	GlobalSection(ExtensibilityGlobals) = postSolution
		SolutionGuid = {34F65E55-2ECA-4E74-856E-0CBBA5523924}
	EndGlobalSection
EndGlobal
